<?xml version="1.0" encoding="utf-8"?>
<Project ToolsVersion="4.0" xmlns="http://schemas.microsoft.com/developer/msbuild/2003">
  <ItemGroup>
    <Filter Include="Fichiers sources">
      <UniqueIdentifier>{4FC737F1-C7A5-4376-A066-2A32D752A2FF}</UniqueIdentifier>
      <Extensions>cpp;c;cc;cxx;def;odl;idl;hpj;bat;asm;asmx</Extensions>
    </Filter>
    <Filter Include="Fichiers d%27en-tête">
      <UniqueIdentifier>{93995380-89BD-4b04-88EB-625FBE52EBFB}</UniqueIdentifier>
      <Extensions>h;hh;hpp;hxx;hm;inl;inc;ipp;xsd</Extensions>
    </Filter>
    <Filter Include="Fichiers de ressources">
      <UniqueIdentifier>{67DA6AB6-F800-4c08-8B7A-83BB121AAD01}</UniqueIdentifier>
      <Extensions>rc;ico;cur;bmp;dlg;rc2;rct;bin;rgs;gif;jpg;jpeg;jpe;resx;tiff;tif;png;wav;mfcribbon-ms</Extensions>
    </Filter>
    <Filter Include="Fichiers sources\basics">
      <UniqueIdentifier>{00d0333a-8194-4d0c-b523-f62eef8acbcc}</UniqueIdentifier>
    </Filter>
    <Filter Include="Fichiers d%27en-tête\basics">
      <UniqueIdentifier>{20d29d1f-902c-4e3b-89eb-8a157f0dd46e}</UniqueIdentifier>
    </Filter>
    <Filter Include="Fichiers sources\gui">
      <UniqueIdentifier>{62e4de28-36cd-4415-afda-b2a98dbbb146}</UniqueIdentifier>
    </Filter>
    <Filter Include="Fichiers sources\taag">
      <UniqueIdentifier>{90246f54-04c5-48fb-aacf-3e86a526eca5}</UniqueIdentifier>
    </Filter>
    <Filter Include="Fichiers sources\taag\basics">
      <UniqueIdentifier>{a13a9f07-6022-4053-8203-229ef8175dea}</UniqueIdentifier>
    </Filter>
    <Filter Include="Fichiers d%27en-tête\gui">
      <UniqueIdentifier>{af20ad94-6d95-4689-891a-5b92096a228a}</UniqueIdentifier>
    </Filter>
  </ItemGroup>
  <ItemGroup>
    <ClInclude Include="includes\template\define.h">
      <Filter>Fichiers d%27en-tête\basics</Filter>
    </ClInclude>
    <ClInclude Include="includes\template\dirent.h">
      <Filter>Fichiers d%27en-tête\basics</Filter>
    </ClInclude>
    <ClInclude Include="includes\template\include.h">
      <Filter>Fichiers d%27en-tête\basics</Filter>
    </ClInclude>
    <ClInclude Include="includes\template\template.h">
      <Filter>Fichiers d%27en-tête\basics</Filter>
    </ClInclude>
    <ClInclude Include="includes\template\template_class.h">
      <Filter>Fichiers d%27en-tête\basics</Filter>
    </ClInclude>
    <ClInclude Include="includes\template\template_structure.h">
      <Filter>Fichiers d%27en-tête\basics</Filter>
    </ClInclude>
    <ClInclude Include="includes\template\text_define.h">
      <Filter>Fichiers d%27en-tête\basics</Filter>
    </ClInclude>
    <ClInclude Include="includes\template\tileset.h">
      <Filter>Fichiers d%27en-tête\basics</Filter>
    </ClInclude>
    <ClInclude Include="includes\taag.h">
      <Filter>Fichiers d%27en-tête</Filter>
    </ClInclude>
    <ClInclude Include="includes\gui\gui.h">
      <Filter>Fichiers d%27en-tête\gui</Filter>
    </ClInclude>
  </ItemGroup>
  <ItemGroup>
    <None Include="ressources\map\map_test.map">
      <Filter>Fichiers de ressources</Filter>
    </None>
    <None Include="ressources\game_object\actor\knight.act">
      <Filter>Fichiers de ressources</Filter>
    </None>
    <None Include="ressources\game_object\actor\archer.act">
      <Filter>Fichiers de ressources</Filter>
    </None>
    <None Include="ressources\game_object\actor\mage.act">
      <Filter>Fichiers de ressources</Filter>
    </None>
    <None Include="ressources\game_object\tileset\001-charset000.tls">
      <Filter>Fichiers de ressources</Filter>
    </None>
    <None Include="ressources\spell\fire0.spell">
      <Filter>Fichiers de ressources</Filter>
    </None>
  </ItemGroup>
  <ItemGroup>
    <ClCompile Include="srcs\gui\t_button.cpp">
      <Filter>Fichiers sources\gui</Filter>
    </ClCompile>
    <ClCompile Include="srcs\gui\t_button_comp.cpp">
      <Filter>Fichiers sources\gui</Filter>
    </ClCompile>
    <ClCompile Include="srcs\gui\t_data.cpp">
      <Filter>Fichiers sources\gui</Filter>
    </ClCompile>
    <ClCompile Include="srcs\gui\t_entry.cpp">
      <Filter>Fichiers sources\gui</Filter>
    </ClCompile>
    <ClCompile Include="srcs\gui\t_entry_comp.cpp">
      <Filter>Fichiers sources\gui</Filter>
    </ClCompile>
    <ClCompile Include="srcs\gui\t_gui.cpp">
      <Filter>Fichiers sources\gui</Filter>
    </ClCompile>
    <ClCompile Include="srcs\gui\t_gui_object.cpp">
      <Filter>Fichiers sources\gui</Filter>
    </ClCompile>
    <ClCompile Include="srcs\gui\t_image_button.cpp">
      <Filter>Fichiers sources\gui</Filter>
    </ClCompile>
    <ClCompile Include="srcs\gui\t_image_entry.cpp">
      <Filter>Fichiers sources\gui</Filter>
    </ClCompile>
    <ClCompile Include="srcs\gui\t_text_button.cpp">
      <Filter>Fichiers sources\gui</Filter>
    </ClCompile>
    <ClCompile Include="srcs\gui\t_text_entry.cpp">
      <Filter>Fichiers sources\gui</Filter>
    </ClCompile>
    <ClCompile Include="srcs\gui\t_tileset_button.cpp">
      <Filter>Fichiers sources\gui</Filter>
    </ClCompile>
    <ClCompile Include="main.cpp">
      <Filter>Fichiers sources</Filter>
    </ClCompile>
    <ClCompile Include="srcs\basics\basic_function.cpp">
      <Filter>Fichiers sources\basics</Filter>
    </ClCompile>
    <ClCompile Include="srcs\basics\convert.cpp">
      <Filter>Fichiers sources\basics</Filter>
    </ClCompile>
    <ClCompile Include="srcs\basics\draw_image.cpp">
      <Filter>Fichiers sources\basics</Filter>
    </ClCompile>
    <ClCompile Include="srcs\basics\draw_shape.cpp">
      <Filter>Fichiers sources\basics</Filter>
    </ClCompile>
    <ClCompile Include="srcs\basics\draw_text.cpp">
      <Filter>Fichiers sources\basics</Filter>
    </ClCompile>
    <ClCompile Include="srcs\basics\draw_triangle.cpp">
      <Filter>Fichiers sources\basics</Filter>
    </ClCompile>
    <ClCompile Include="srcs\basics\file_handler.cpp">
      <Filter>Fichiers sources\basics</Filter>
    </ClCompile>
    <ClCompile Include="srcs\basics\fps_handler.cpp">
      <Filter>Fichiers sources\basics</Filter>
    </ClCompile>
    <ClCompile Include="srcs\basics\matrice.cpp">
      <Filter>Fichiers sources\basics</Filter>
    </ClCompile>
    <ClCompile Include="srcs\basics\screen_handler.cpp">
      <Filter>Fichiers sources\basics</Filter>
    </ClCompile>
    <ClCompile Include="srcs\basics\shader.cpp">
      <Filter>Fichiers sources\basics</Filter>
    </ClCompile>
    <ClCompile Include="srcs\basics\t_angle.cpp">
      <Filter>Fichiers sources\basics</Filter>
    </ClCompile>
    <ClCompile Include="srcs\basics\t_color.cpp">
      <Filter>Fichiers sources\basics</Filter>
    </ClCompile>
    <ClCompile Include="srcs\basics\t_image.cpp">
      <Filter>Fichiers sources\basics</Filter>
    </ClCompile>
    <ClCompile Include="srcs\basics\t_point.cpp">
      <Filter>Fichiers sources\basics</Filter>
    </ClCompile>
    <ClCompile Include="srcs\basics\t_vect.cpp">
      <Filter>Fichiers sources\basics</Filter>
    </ClCompile>
    <ClCompile Include="srcs\basics\t_vertex.cpp">
      <Filter>Fichiers sources\basics</Filter>
    </ClCompile>
    <ClCompile Include="srcs\basics\text_handler.cpp">
      <Filter>Fichiers sources\basics</Filter>
    </ClCompile>
    <ClCompile Include="srcs\basics\text_tab.cpp">
      <Filter>Fichiers sources\basics</Filter>
    </ClCompile>
    <ClCompile Include="srcs\basics\tileset.cpp">
      <Filter>Fichiers sources\basics</Filter>
    </ClCompile>
    <ClCompile Include="srcs\taag\basics\read_tileset.cpp">
      <Filter>Fichiers sources\taag\basics</Filter>
    </ClCompile>
    <ClCompile Include="srcs\taag\basics\t_actor.cpp">
      <Filter>Fichiers sources\taag\basics</Filter>
    </ClCompile>
    <ClCompile Include="srcs\taag\basics\t_cell.cpp">
      <Filter>Fichiers sources\taag\basics</Filter>
    </ClCompile>
    <ClCompile Include="srcs\taag\basics\t_effect.cpp">
      <Filter>Fichiers sources\taag\basics</Filter>
    </ClCompile>
    <ClCompile Include="srcs\taag\basics\t_event.cpp">
      <Filter>Fichiers sources\taag\basics</Filter>
    </ClCompile>
    <ClCompile Include="srcs\taag\basics\t_game_board.cpp">
      <Filter>Fichiers sources\taag\basics</Filter>
    </ClCompile>
    <ClCompile Include="srcs\taag\basics\t_game_engine.cpp">
      <Filter>Fichiers sources\taag\basics</Filter>
    </ClCompile>
    <ClCompile Include="srcs\taag\basics\t_game_engine_drawing.cpp">
      <Filter>Fichiers sources\taag\basics</Filter>
    </ClCompile>
    <ClCompile Include="srcs\taag\basics\t_game_engine_misc.cpp">
      <Filter>Fichiers sources\taag\basics</Filter>
    </ClCompile>
    <ClCompile Include="srcs\taag\basics\t_game_engine_pathfinding.cpp">
      <Filter>Fichiers sources\taag\basics</Filter>
    </ClCompile>
    <ClCompile Include="srcs\taag\basics\t_game_engine_vision.cpp">
      <Filter>Fichiers sources\taag\basics</Filter>
    </ClCompile>
    <ClCompile Include="srcs\taag\basics\t_node.cpp">
      <Filter>Fichiers sources\taag\basics</Filter>
    </ClCompile>
    <ClCompile Include="srcs\taag\basics\t_spell.cpp">
      <Filter>Fichiers sources\taag\basics</Filter>
    </ClCompile>
    <ClCompile Include="srcs\taag\basics\t_stat.cpp">
      <Filter>Fichiers sources\taag\basics</Filter>
    </ClCompile>
    <ClCompile Include="srcs\taag\basics\t_visual_info.cpp">
      <Filter>Fichiers sources\taag\basics</Filter>
    </ClCompile>
    <ClCompile Include="srcs\taag\basics\t_game_engine_zone.cpp">
      <Filter>Fichiers sources\taag\basics</Filter>
    </ClCompile>
  </ItemGroup>
</Project>